
Microsoft Visual Studio Solution File, Format Version 12.00
# Visual Studio Version 17
VisualStudioVersion = 17.4.33213.308
MinimumVisualStudioVersion = 10.0.40219.1
Project("{FAE04EC0-301F-11D3-BF4B-00C04F79EFBC}") = "Kalfyze-backend", "Kalfyze-backend\Kalfyze-backend.csproj", "{4DFCC50A-8E20-4C88-9EDA-082C9C523A1E}"
EndProject
Global
	GlobalSection(SolutionConfigurationPlatforms) = preSolution
		Debug|Any CPU = Debug|Any CPU
		Release|Any CPU = Release|Any CPU
	EndGlobalSection
	GlobalSection(ProjectConfigurationPlatforms) = postSolution
		{4DFCC50A-8E20-4C88-9EDA-082C9C523A1E}.Debug|Any CPU.ActiveCfg = Debug|Any CPU
		{4DFCC50A-8E20-4C88-9EDA-082C9C523A1E}.Debug|Any CPU.Build.0 = Debug|Any CPU
		{4DFCC50A-8E20-4C88-9EDA-082C9C523A1E}.Release|Any CPU.ActiveCfg = Release|Any CPU
		{4DFCC50A-8E20-4C88-9EDA-082C9C523A1E}.Release|Any CPU.Build.0 = Release|Any CPU
	EndGlobalSection
	GlobalSection(SolutionProperties) = preSolution
		HideSolutionNode = FALSE
	EndGlobalSection
	GlobalSection(ExtensibilityGlobals) = postSolution
		SolutionGuid = {4636F8FE-669B-4AF8-A37D-F2AF994B6729}
	EndGlobalSection
EndGlobal
